
Microsoft Visual Studio Solution File, Format Version 12.00
# Visual Studio Version 17
VisualStudioVersion = 17.8.34309.116
MinimumVisualStudioVersion = 10.0.40219.1
Project("{FAE04EC0-301F-11D3-BF4B-00C04F79EFBC}") = "ExpenseTrackerPro.WebUI", "ExpenseTrackerPro.WebUI\ExpenseTrackerPro.WebUI.csproj", "{AD5612E3-AE59-40FD-8C0C-089030B25306}"
EndProject
Project("{2150E333-8FDC-42A3-9474-1A3956D46DE8}") = "Core", "Core", "{EF97518B-AFA3-42D9-B95C-3F8A3A68EFCC}"
EndProject
Project("{2150E333-8FDC-42A3-9474-1A3956D46DE8}") = "Web", "Web", "{43F83AE4-C5D9-476E-BC8F-DB0A55E4D9CE}"
EndProject
Project("{2150E333-8FDC-42A3-9474-1A3956D46DE8}") = "Infrastructure", "Infrastructure", "{4E64B200-4206-48B2-B6E4-E28C4A79971C}"
EndProject
Project("{2150E333-8FDC-42A3-9474-1A3956D46DE8}") = "Shared", "Shared", "{F31B89EB-25FB-4F5F-B7B3-DCC64E362397}"
EndProject
Project("{FAE04EC0-301F-11D3-BF4B-00C04F79EFBC}") = "ExpenseTrackerPro.Application", "ExpenseTrackerPro.Application\ExpenseTrackerPro.Application.csproj", "{9A36F517-503C-423C-B30F-9A86627FB066}"
EndProject
Project("{FAE04EC0-301F-11D3-BF4B-00C04F79EFBC}") = "ExpenseTrackerPro.Domain", "ExpenseTrackerPro.Domain\ExpenseTrackerPro.Domain.csproj", "{F957821F-8C68-41AF-ABA5-83D5EDC5D5EE}"
EndProject
Project("{FAE04EC0-301F-11D3-BF4B-00C04F79EFBC}") = "ExpenseTrackerPro.Infrastructure", "ExpenseTrackerPro.Infrastructure\ExpenseTrackerPro.Infrastructure.csproj", "{B0EEE255-1BBA-48AD-83B9-3B484CAB493C}"
EndProject
Project("{FAE04EC0-301F-11D3-BF4B-00C04F79EFBC}") = "ExpenseTrackerPro.Shared", "ExpenseTrackerPro.Shared\ExpenseTrackerPro.Shared.csproj", "{9426A1DF-B23B-4987-9BA9-497C8E05AE03}"
EndProject
Global
	GlobalSection(SolutionConfigurationPlatforms) = preSolution
		Debug|Any CPU = Debug|Any CPU
		Release|Any CPU = Release|Any CPU
	EndGlobalSection
	GlobalSection(ProjectConfigurationPlatforms) = postSolution
		{AD5612E3-AE59-40FD-8C0C-089030B25306}.Debug|Any CPU.ActiveCfg = Debug|Any CPU
		{AD5612E3-AE59-40FD-8C0C-089030B25306}.Debug|Any CPU.Build.0 = Debug|Any CPU
		{AD5612E3-AE59-40FD-8C0C-089030B25306}.Release|Any CPU.ActiveCfg = Release|Any CPU
		{AD5612E3-AE59-40FD-8C0C-089030B25306}.Release|Any CPU.Build.0 = Release|Any CPU
		{9A36F517-503C-423C-B30F-9A86627FB066}.Debug|Any CPU.ActiveCfg = Debug|Any CPU
		{9A36F517-503C-423C-B30F-9A86627FB066}.Debug|Any CPU.Build.0 = Debug|Any CPU
		{9A36F517-503C-423C-B30F-9A86627FB066}.Release|Any CPU.ActiveCfg = Release|Any CPU
		{9A36F517-503C-423C-B30F-9A86627FB066}.Release|Any CPU.Build.0 = Release|Any CPU
		{F957821F-8C68-41AF-ABA5-83D5EDC5D5EE}.Debug|Any CPU.ActiveCfg = Debug|Any CPU
		{F957821F-8C68-41AF-ABA5-83D5EDC5D5EE}.Debug|Any CPU.Build.0 = Debug|Any CPU
		{F957821F-8C68-41AF-ABA5-83D5EDC5D5EE}.Release|Any CPU.ActiveCfg = Release|Any CPU
		{F957821F-8C68-41AF-ABA5-83D5EDC5D5EE}.Release|Any CPU.Build.0 = Release|Any CPU
		{B0EEE255-1BBA-48AD-83B9-3B484CAB493C}.Debug|Any CPU.ActiveCfg = Debug|Any CPU
		{B0EEE255-1BBA-48AD-83B9-3B484CAB493C}.Debug|Any CPU.Build.0 = Debug|Any CPU
		{B0EEE255-1BBA-48AD-83B9-3B484CAB493C}.Release|Any CPU.ActiveCfg = Release|Any CPU
		{B0EEE255-1BBA-48AD-83B9-3B484CAB493C}.Release|Any CPU.Build.0 = Release|Any CPU
		{9426A1DF-B23B-4987-9BA9-497C8E05AE03}.Debug|Any CPU.ActiveCfg = Debug|Any CPU
		{9426A1DF-B23B-4987-9BA9-497C8E05AE03}.Debug|Any CPU.Build.0 = Debug|Any CPU
		{9426A1DF-B23B-4987-9BA9-497C8E05AE03}.Release|Any CPU.ActiveCfg = Release|Any CPU
		{9426A1DF-B23B-4987-9BA9-497C8E05AE03}.Release|Any CPU.Build.0 = Release|Any CPU
	EndGlobalSection
	GlobalSection(SolutionProperties) = preSolution
		HideSolutionNode = FALSE
	EndGlobalSection
	GlobalSection(NestedProjects) = preSolution
		{AD5612E3-AE59-40FD-8C0C-089030B25306} = {43F83AE4-C5D9-476E-BC8F-DB0A55E4D9CE}
		{9A36F517-503C-423C-B30F-9A86627FB066} = {EF97518B-AFA3-42D9-B95C-3F8A3A68EFCC}
		{F957821F-8C68-41AF-ABA5-83D5EDC5D5EE} = {EF97518B-AFA3-42D9-B95C-3F8A3A68EFCC}
		{B0EEE255-1BBA-48AD-83B9-3B484CAB493C} = {4E64B200-4206-48B2-B6E4-E28C4A79971C}
		{9426A1DF-B23B-4987-9BA9-497C8E05AE03} = {F31B89EB-25FB-4F5F-B7B3-DCC64E362397}
	EndGlobalSection
	GlobalSection(ExtensibilityGlobals) = postSolution
		SolutionGuid = {2685D1FF-AC46-4DF9-81F3-E3B86C5F2374}
	EndGlobalSection
EndGlobal
